
Microsoft Visual Studio Solution File, Format Version 12.00
# Visual Studio Version 16
VisualStudioVersion = 16.0.29509.3
MinimumVisualStudioVersion = 10.0.40219.1
Project("{9A19103F-16F7-4668-BE54-9A1E7A4F7556}") = "SteamworksService", "SteamworksCommunicator\SteamworksService.csproj", "{24E77200-E0A4-4370-BE86-2D648198A063}"
EndProject
Project("{9A19103F-16F7-4668-BE54-9A1E7A4F7556}") = "SteamworksServiceTests", "SteamworksCommunicatorTests\SteamworksServiceTests.csproj", "{CC167A56-D6CE-4B40-83A8-55DA795696A5}"
EndProject
Project("{9A19103F-16F7-4668-BE54-9A1E7A4F7556}") = "RabbitCommunicationLib", "RabbitCommunicationLib\RabbitCommunicationLib.csproj", "{133BE944-7F68-4940-86F1-F4E388C54152}"
EndProject
Project("{2150E333-8FDC-42A3-9474-1A3956D46DE8}") = "Solution Items", "Solution Items", "{7D8091D9-53B3-4A04-83D5-7BE9CCDA46A9}"
	ProjectSection(SolutionItems) = preProject
		CHANGELOG.md = CHANGELOG.md
		README.md = README.md
	EndProjectSection
EndProject
Global
	GlobalSection(SolutionConfigurationPlatforms) = preSolution
		Debug|Any CPU = Debug|Any CPU
		Release|Any CPU = Release|Any CPU
	EndGlobalSection
	GlobalSection(ProjectConfigurationPlatforms) = postSolution
		{24E77200-E0A4-4370-BE86-2D648198A063}.Debug|Any CPU.ActiveCfg = Debug|Any CPU
		{24E77200-E0A4-4370-BE86-2D648198A063}.Debug|Any CPU.Build.0 = Debug|Any CPU
		{24E77200-E0A4-4370-BE86-2D648198A063}.Release|Any CPU.ActiveCfg = Release|Any CPU
		{24E77200-E0A4-4370-BE86-2D648198A063}.Release|Any CPU.Build.0 = Release|Any CPU
		{CC167A56-D6CE-4B40-83A8-55DA795696A5}.Debug|Any CPU.ActiveCfg = Debug|Any CPU
		{CC167A56-D6CE-4B40-83A8-55DA795696A5}.Debug|Any CPU.Build.0 = Debug|Any CPU
		{CC167A56-D6CE-4B40-83A8-55DA795696A5}.Release|Any CPU.ActiveCfg = Release|Any CPU
		{CC167A56-D6CE-4B40-83A8-55DA795696A5}.Release|Any CPU.Build.0 = Release|Any CPU
		{133BE944-7F68-4940-86F1-F4E388C54152}.Debug|Any CPU.ActiveCfg = Debug|Any CPU
		{133BE944-7F68-4940-86F1-F4E388C54152}.Debug|Any CPU.Build.0 = Debug|Any CPU
		{133BE944-7F68-4940-86F1-F4E388C54152}.Release|Any CPU.ActiveCfg = Release|Any CPU
		{133BE944-7F68-4940-86F1-F4E388C54152}.Release|Any CPU.Build.0 = Release|Any CPU
	EndGlobalSection
	GlobalSection(SolutionProperties) = preSolution
		HideSolutionNode = FALSE
	EndGlobalSection
	GlobalSection(ExtensibilityGlobals) = postSolution
		SolutionGuid = {AF147B5A-9D2F-4B47-9877-48E1BBCA3F7C}
	EndGlobalSection
EndGlobal
